
Microsoft Visual Studio Solution File, Format Version 12.00
# Visual Studio Version 17
VisualStudioVersion = 17.5.33424.131
MinimumVisualStudioVersion = 10.0.40219.1
Project("{FAE04EC0-301F-11D3-BF4B-00C04F79EFBC}") = "Contact", "Contact\Contact.csproj", "{7336B33D-7A65-4256-A8AB-95D2D80077D5}"
EndProject
Global
	GlobalSection(SolutionConfigurationPlatforms) = preSolution
		Debug|Any CPU = Debug|Any CPU
		Release|Any CPU = Release|Any CPU
	EndGlobalSection
	GlobalSection(ProjectConfigurationPlatforms) = postSolution
		{7336B33D-7A65-4256-A8AB-95D2D80077D5}.Debug|Any CPU.ActiveCfg = Debug|Any CPU
		{7336B33D-7A65-4256-A8AB-95D2D80077D5}.Debug|Any CPU.Build.0 = Debug|Any CPU
		{7336B33D-7A65-4256-A8AB-95D2D80077D5}.Release|Any CPU.ActiveCfg = Release|Any CPU
		{7336B33D-7A65-4256-A8AB-95D2D80077D5}.Release|Any CPU.Build.0 = Release|Any CPU
	EndGlobalSection
	GlobalSection(SolutionProperties) = preSolution
		HideSolutionNode = FALSE
	EndGlobalSection
	GlobalSection(ExtensibilityGlobals) = postSolution
		SolutionGuid = {D54FF95F-5121-4A89-B490-9E31EF249E96}
	EndGlobalSection
EndGlobal
